
Microsoft Visual Studio Solution File, Format Version 12.00
# Visual Studio Version 16
VisualStudioVersion = 16.0.30611.23
MinimumVisualStudioVersion = 10.0.40219.1
Project("{FAE04EC0-301F-11D3-BF4B-00C04F79EFBC}") = "homework 2", "homework 2\homework 2.csproj", "{8B828198-1E51-488C-A7FE-94DB5C1A92E5}"
EndProject
Global
	GlobalSection(SolutionConfigurationPlatforms) = preSolution
		Debug|Any CPU = Debug|Any CPU
		Release|Any CPU = Release|Any CPU
	EndGlobalSection
	GlobalSection(ProjectConfigurationPlatforms) = postSolution
		{8B828198-1E51-488C-A7FE-94DB5C1A92E5}.Debug|Any CPU.ActiveCfg = Debug|Any CPU
		{8B828198-1E51-488C-A7FE-94DB5C1A92E5}.Debug|Any CPU.Build.0 = Debug|Any CPU
		{8B828198-1E51-488C-A7FE-94DB5C1A92E5}.Release|Any CPU.ActiveCfg = Release|Any CPU
		{8B828198-1E51-488C-A7FE-94DB5C1A92E5}.Release|Any CPU.Build.0 = Release|Any CPU
	EndGlobalSection
	GlobalSection(SolutionProperties) = preSolution
		HideSolutionNode = FALSE
	EndGlobalSection
	GlobalSection(ExtensibilityGlobals) = postSolution
		SolutionGuid = {A923C29F-04DF-434B-B3C6-362FBA0E25FF}
	EndGlobalSection
EndGlobal
